// !$*UTF8*$!
{
	archiveVersion = 1;
	classes = {
	};
	objectVersion = 77;
	objects = {

/* Begin PBXBuildFile section */
		3424B5C8F0A225F444807078 /* Pods_mAICoach.framework in Frameworks */ = {isa = PBXBuildFile; fileRef = F2CD2DD440060C0AF0078CD6 /* Pods_mAICoach.framework */; };
		813188FF2ED76BD6008DA8D4 /* RootView.swift in Sources */ = {isa = PBXBuildFile; fileRef = 813188FC2ED76BD6008DA8D4 /* RootView.swift */; };
		813189012ED76BD6008DA8D4 /* BigRectButton.swift in Sources */ = {isa = PBXBuildFile; fileRef = 813188F12ED76BD6008DA8D4 /* BigRectButton.swift */; };
		813189022ED76BD6008DA8D4 /* BootScreen.swift in Sources */ = {isa = PBXBuildFile; fileRef = 813188F22ED76BD6008DA8D4 /* BootScreen.swift */; };
		813189032ED76BD6008DA8D4 /* PoseOverlay.swift in Sources */ = {isa = PBXBuildFile; fileRef = 813188FB2ED76BD6008DA8D4 /* PoseOverlay.swift */; };
		813189042ED76BD6008DA8D4 /* HomeView.swift in Sources */ = {isa = PBXBuildFile; fileRef = 813188F72ED76BD6008DA8D4 /* HomeView.swift */; };
		813189052ED76BD6008DA8D4 /* BenchSessionView.swift in Sources */ = {isa = PBXBuildFile; fileRef = 813188F02ED76BD6008DA8D4 /* BenchSessionView.swift */; };
		813189062ED76BD6008DA8D4 /* mAICoachApp.swift in Sources */ = {isa = PBXBuildFile; fileRef = 813188F92ED76BD6008DA8D4 /* mAICoachApp.swift */; };
		813189072ED76BD6008DA8D4 /* BenchInferenceEngine.swift in Sources */ = {isa = PBXBuildFile; fileRef = 813188EF2ED76BD6008DA8D4 /* BenchInferenceEngine.swift */; };
		813189082ED76BD6008DA8D4 /* CoachView.swift in Sources */ = {isa = PBXBuildFile; fileRef = 813188F52ED76BD6008DA8D4 /* CoachView.swift */; };
		813189092ED76BD6008DA8D4 /* SignInView.swift in Sources */ = {isa = PBXBuildFile; fileRef = 813188FD2ED76BD6008DA8D4 /* SignInView.swift */; };
		8131890A2ED76BD6008DA8D4 /* CameraController.swift in Sources */ = {isa = PBXBuildFile; fileRef = 813188F32ED76BD6008DA8D4 /* CameraController.swift */; };
		8131890B2ED76BD6008DA8D4 /* AuthSession.swift in Sources */ = {isa = PBXBuildFile; fileRef = 813188EE2ED76BD6008DA8D4 /* AuthSession.swift */; };
		8131890C2ED76BD6008DA8D4 /* PoseLandmarkerService.swift in Sources */ = {isa = PBXBuildFile; fileRef = 813188FA2ED76BD6008DA8D4 /* PoseLandmarkerService.swift */; };
		8131890D2ED76BD6008DA8D4 /* CameraPreview.swift in Sources */ = {isa = PBXBuildFile; fileRef = 813188F42ED76BD6008DA8D4 /* CameraPreview.swift */; };
		8131890E2ED76BD6008DA8D4 /* Assets.xcassets in Resources */ = {isa = PBXBuildFile; fileRef = 813188ED2ED76BD6008DA8D4 /* Assets.xcassets */; };
		813A90FE2F08EDA4005442FB /* hands_narrow_3.mp3 in Resources */ = {isa = PBXBuildFile; fileRef = 813A90E12F08EDA4005442FB /* hands_narrow_3.mp3 */; };
		813A90FF2F08EDA4005442FB /* hands_narrow_4.mp3 in Resources */ = {isa = PBXBuildFile; fileRef = 813A90E22F08EDA4005442FB /* hands_narrow_4.mp3 */; };
		813A91002F08EDA4005442FB /* ready.mp3 in Resources */ = {isa = PBXBuildFile; fileRef = 813A90F12F08EDA4005442FB /* ready.mp3 */; };
		813A91012F08EDA4005442FB /* bar_tilted_4.mp3 in Resources */ = {isa = PBXBuildFile; fileRef = 813A90D62F08EDA4005442FB /* bar_tilted_4.mp3 */; };
		813A91022F08EDA4005442FB /* grip_uneven_2.mp3 in Resources */ = {isa = PBXBuildFile; fileRef = 813A90DC2F08EDA4005442FB /* grip_uneven_2.mp3 */; };
		813A91032F08EDA4005442FB /* rep_6.mp3 in Resources */ = {isa = PBXBuildFile; fileRef = 813A90F72F08EDA4005442FB /* rep_6.mp3 */; };
		813A91042F08EDA4005442FB /* rep_1.mp3 in Resources */ = {isa = PBXBuildFile; fileRef = 813A90F22F08EDA4005442FB /* rep_1.mp3 */; };
		813A91052F08EDA4005442FB /* rep_7.mp3 in Resources */ = {isa = PBXBuildFile; fileRef = 813A90F82F08EDA4005442FB /* rep_7.mp3 */; };
		813A91062F08EDA4005442FB /* lockout_3.mp3 in Resources */ = {isa = PBXBuildFile; fileRef = 813A90E92F08EDA4005442FB /* lockout_3.mp3 */; };
		813A91072F08EDA4005442FB /* rep_9.mp3 in Resources */ = {isa = PBXBuildFile; fileRef = 813A90FA2F08EDA4005442FB /* rep_9.mp3 */; };
		813A91082F08EDA4005442FB /* rep_11.mp3 in Resources */ = {isa = PBXBuildFile; fileRef = 813A90FB2F08EDA4005442FB /* rep_11.mp3 */; };
		813A91092F08EDA4005442FB /* positive_1.mp3 in Resources */ = {isa = PBXBuildFile; fileRef = 813A90EB2F08EDA4005442FB /* positive_1.mp3 */; };
		813A910A2F08EDA4005442FB /* session_reset.mp3 in Resources */ = {isa = PBXBuildFile; fileRef = 813A90FD2F08EDA4005442FB /* session_reset.mp3 */; };
		813A910B2F08EDA4005442FB /* hands_wide_2.mp3 in Resources */ = {isa = PBXBuildFile; fileRef = 813A90E42F08EDA4005442FB /* hands_wide_2.mp3 */; };
		813A910C2F08EDA4005442FB /* bar_tilted_2.mp3 in Resources */ = {isa = PBXBuildFile; fileRef = 813A90D42F08EDA4005442FB /* bar_tilted_2.mp3 */; };
		813A910D2F08EDA4005442FB /* depth_2.mp3 in Resources */ = {isa = PBXBuildFile; fileRef = 813A90D82F08EDA4005442FB /* depth_2.mp3 */; };
		813A910E2F08EDA4005442FB /* depth_1.mp3 in Resources */ = {isa = PBXBuildFile; fileRef = 813A90D72F08EDA4005442FB /* depth_1.mp3 */; };
		813A910F2F08EDA4005442FB /* grip_uneven_4.mp3 in Resources */ = {isa = PBXBuildFile; fileRef = 813A90DE2F08EDA4005442FB /* grip_uneven_4.mp3 */; };
		813A91102F08EDA4005442FB /* rep_5.mp3 in Resources */ = {isa = PBXBuildFile; fileRef = 813A90F62F08EDA4005442FB /* rep_5.mp3 */; };
		813A91112F08EDA4005442FB /* rep_8.mp3 in Resources */ = {isa = PBXBuildFile; fileRef = 813A90F92F08EDA4005442FB /* rep_8.mp3 */; };
		813A91122F08EDA4005442FB /* hands_wide_4.mp3 in Resources */ = {isa = PBXBuildFile; fileRef = 813A90E62F08EDA4005442FB /* hands_wide_4.mp3 */; };
		813A91132F08EDA4005442FB /* positive_4.mp3 in Resources */ = {isa = PBXBuildFile; fileRef = 813A90EE2F08EDA4005442FB /* positive_4.mp3 */; };
		813A91142F08EDA4005442FB /* positive_6.mp3 in Resources */ = {isa = PBXBuildFile; fileRef = 813A90F02F08EDA4005442FB /* positive_6.mp3 */; };
		813A91152F08EDA4005442FB /* lockout_1.mp3 in Resources */ = {isa = PBXBuildFile; fileRef = 813A90E72F08EDA4005442FB /* lockout_1.mp3 */; };
		813A91162F08EDA4005442FB /* rep_12.mp3 in Resources */ = {isa = PBXBuildFile; fileRef = 813A90FC2F08EDA4005442FB /* rep_12.mp3 */; };
		813A91172F08EDA4005442FB /* lockout_2.mp3 in Resources */ = {isa = PBXBuildFile; fileRef = 813A90E82F08EDA4005442FB /* lockout_2.mp3 */; };
		813A91182F08EDA4005442FB /* positive_3.mp3 in Resources */ = {isa = PBXBuildFile; fileRef = 813A90ED2F08EDA4005442FB /* positive_3.mp3 */; };
		813A91192F08EDA4005442FB /* hands_wide_1.mp3 in Resources */ = {isa = PBXBuildFile; fileRef = 813A90E32F08EDA4005442FB /* hands_wide_1.mp3 */; };
		813A911A2F08EDA4005442FB /* bar_tilted_1.mp3 in Resources */ = {isa = PBXBuildFile; fileRef = 813A90D32F08EDA4005442FB /* bar_tilted_1.mp3 */; };
		813A911B2F08EDA4005442FB /* grip_uneven_3.mp3 in Resources */ = {isa = PBXBuildFile; fileRef = 813A90DD2F08EDA4005442FB /* grip_uneven_3.mp3 */; };
		813A911C2F08EDA4005442FB /* grip_uneven_1.mp3 in Resources */ = {isa = PBXBuildFile; fileRef = 813A90DB2F08EDA4005442FB /* grip_uneven_1.mp3 */; };
		813A911D2F08EDA4005442FB /* positive_2.mp3 in Resources */ = {isa = PBXBuildFile; fileRef = 813A90EC2F08EDA4005442FB /* positive_2.mp3 */; };
		813A911E2F08EDA4005442FB /* rep_3.mp3 in Resources */ = {isa = PBXBuildFile; fileRef = 813A90F42F08EDA4005442FB /* rep_3.mp3 */; };
		813A911F2F08EDA4005442FB /* hands_wide_3.mp3 in Resources */ = {isa = PBXBuildFile; fileRef = 813A90E52F08EDA4005442FB /* hands_wide_3.mp3 */; };
		813A91202F08EDA4005442FB /* lockout_4.mp3 in Resources */ = {isa = PBXBuildFile; fileRef = 813A90EA2F08EDA4005442FB /* lockout_4.mp3 */; };
		813A91212F08EDA4005442FB /* positive_5.mp3 in Resources */ = {isa = PBXBuildFile; fileRef = 813A90EF2F08EDA4005442FB /* positive_5.mp3 */; };
		813A91222F08EDA4005442FB /* depth_4.mp3 in Resources */ = {isa = PBXBuildFile; fileRef = 813A90DA2F08EDA4005442FB /* depth_4.mp3 */; };
		813A91232F08EDA4005442FB /* rep_2.mp3 in Resources */ = {isa = PBXBuildFile; fileRef = 813A90F32F08EDA4005442FB /* rep_2.mp3 */; };
		813A91242F08EDA4005442FB /* rep_4.mp3 in Resources */ = {isa = PBXBuildFile; fileRef = 813A90F52F08EDA4005442FB /* rep_4.mp3 */; };
		813A91252F08EDA4005442FB /* hands_narrow_2.mp3 in Resources */ = {isa = PBXBuildFile; fileRef = 813A90E02F08EDA4005442FB /* hands_narrow_2.mp3 */; };
		813A91262F08EDA4005442FB /* bar_tilted_3.mp3 in Resources */ = {isa = PBXBuildFile; fileRef = 813A90D52F08EDA4005442FB /* bar_tilted_3.mp3 */; };
		813A91272F08EDA4005442FB /* depth_3.mp3 in Resources */ = {isa = PBXBuildFile; fileRef = 813A90D92F08EDA4005442FB /* depth_3.mp3 */; };
		813A91282F08EDA4005442FB /* hands_narrow_1.mp3 in Resources */ = {isa = PBXBuildFile; fileRef = 813A90DF2F08EDA4005442FB /* hands_narrow_1.mp3 */; };
		81CB95C92E9D53FD0080FCBC /* pose_landmarker_lite.task in Resources */ = {isa = PBXBuildFile; fileRef = 81CB95C82E9D53FD0080FCBC /* pose_landmarker_lite.task */; };
		B10F6EED2FA3A2D800C1F7D1 /* demo_bench.mp4 in Resources */ = {isa = PBXBuildFile; fileRef = B10F6EEC2FA3A2D800C1F7D1 /* demo_bench.mp4 */; };
		B10F6EEF2FA3A2E200C1F7D1 /* bench_mlp_v1_weights.json in Resources */ = {isa = PBXBuildFile; fileRef = B10F6EEE2FA3A2E200C1F7D1 /* bench_mlp_v1_weights.json */; };
		B1HEAVY302FA4C0000AAA555 /* pose_landmarker_heavy.task in Resources */ = {isa = PBXBuildFile; fileRef = B1HEAVY2F2FA4C0000AAA555 /* pose_landmarker_heavy.task */; };
		B1HEAVY312FA4C0000AAA555 /* DemoPlayerPipeline.swift in Sources */ = {isa = PBXBuildFile; fileRef = B1NEWPIPE2FA4C111AAA555 /* DemoPlayerPipeline.swift */; };
		D465426C852A021F6EB4CE4B /* AudioCoach.swift in Sources */ = {isa = PBXBuildFile; fileRef = 86A5464EA3C213A4106C992A /* AudioCoach.swift */; };
/* End PBXBuildFile section */

/* Begin PBXFileReference section */
		12786BB56F7A98F3058D101D /* Pods-mAICoach.debug.xcconfig */ = {isa = PBXFileReference; includeInIndex = 1; lastKnownFileType = text.xcconfig; name = "Pods-mAICoach.debug.xcconfig"; path = "Target Support Files/Pods-mAICoach/Pods-mAICoach.debug.xcconfig"; sourceTree = "<group>"; };
		813188EB2ED769A9008DA8D4 /* Info.plist */ = {isa = PBXFileReference; lastKnownFileType = text.plist; path = Info.plist; sourceTree = "<group>"; };
		813188ED2ED76BD6008DA8D4 /* Assets.xcassets */ = {isa = PBXFileReference; lastKnownFileType = folder.assetcatalog; path = Assets.xcassets; sourceTree = "<group>"; };
		813188EE2ED76BD6008DA8D4 /* AuthSession.swift */ = {isa = PBXFileReference; lastKnownFileType = sourcecode.swift; path = AuthSession.swift; sourceTree = "<group>"; };
		813188EF2ED76BD6008DA8D4 /* BenchInferenceEngine.swift */ = {isa = PBXFileReference; lastKnownFileType = sourcecode.swift; path = BenchInferenceEngine.swift; sourceTree = "<group>"; };
		813188F02ED76BD6008DA8D4 /* BenchSessionView.swift */ = {isa = PBXFileReference; lastKnownFileType = sourcecode.swift; path = BenchSessionView.swift; sourceTree = "<group>"; };
		813188F12ED76BD6008DA8D4 /* BigRectButton.swift */ = {isa = PBXFileReference; lastKnownFileType = sourcecode.swift; path = BigRectButton.swift; sourceTree = "<group>"; };
		813188F22ED76BD6008DA8D4 /* BootScreen.swift */ = {isa = PBXFileReference; lastKnownFileType = sourcecode.swift; path = BootScreen.swift; sourceTree = "<group>"; };
		813188F32ED76BD6008DA8D4 /* CameraController.swift */ = {isa = PBXFileReference; lastKnownFileType = sourcecode.swift; path = CameraController.swift; sourceTree = "<group>"; };
		813188F42ED76BD6008DA8D4 /* CameraPreview.swift */ = {isa = PBXFileReference; lastKnownFileType = sourcecode.swift; path = CameraPreview.swift; sourceTree = "<group>"; };
		813188F52ED76BD6008DA8D4 /* CoachView.swift */ = {isa = PBXFileReference; lastKnownFileType = sourcecode.swift; path = CoachView.swift; sourceTree = "<group>"; };
		813188F72ED76BD6008DA8D4 /* HomeView.swift */ = {isa = PBXFileReference; lastKnownFileType = sourcecode.swift; path = HomeView.swift; sourceTree = "<group>"; };
		813188F92ED76BD6008DA8D4 /* mAICoachApp.swift */ = {isa = PBXFileReference; lastKnownFileType = sourcecode.swift; path = mAICoachApp.swift; sourceTree = "<group>"; };
		813188FA2ED76BD6008DA8D4 /* PoseLandmarkerService.swift */ = {isa = PBXFileReference; lastKnownFileType = sourcecode.swift; path = PoseLandmarkerService.swift; sourceTree = "<group>"; };
		813188FB2ED76BD6008DA8D4 /* PoseOverlay.swift */ = {isa = PBXFileReference; lastKnownFileType = sourcecode.swift; path = PoseOverlay.swift; sourceTree = "<group>"; };
		813188FC2ED76BD6008DA8D4 /* RootView.swift */ = {isa = PBXFileReference; lastKnownFileType = sourcecode.swift; path = RootView.swift; sourceTree = "<group>"; };
		813188FD2ED76BD6008DA8D4 /* SignInView.swift */ = {isa = PBXFileReference; lastKnownFileType = sourcecode.swift; path = SignInView.swift; sourceTree = "<group>"; };
		813A90D32F08EDA4005442FB /* bar_tilted_1.mp3 */ = {isa = PBXFileReference; lastKnownFileType = audio.mp3; path = bar_tilted_1.mp3; sourceTree = "<group>"; };
		813A90D42F08EDA4005442FB /* bar_tilted_2.mp3 */ = {isa = PBXFileReference; lastKnownFileType = audio.mp3; path = bar_tilted_2.mp3; sourceTree = "<group>"; };
		813A90D52F08EDA4005442FB /* bar_tilted_3.mp3 */ = {isa = PBXFileReference; lastKnownFileType = audio.mp3; path = bar_tilted_3.mp3; sourceTree = "<group>"; };
		813A90D62F08EDA4005442FB /* bar_tilted_4.mp3 */ = {isa = PBXFileReference; lastKnownFileType = audio.mp3; path = bar_tilted_4.mp3; sourceTree = "<group>"; };
		813A90D72F08EDA4005442FB /* depth_1.mp3 */ = {isa = PBXFileReference; lastKnownFileType = audio.mp3; path = depth_1.mp3; sourceTree = "<group>"; };
		813A90D82F08EDA4005442FB /* depth_2.mp3 */ = {isa = PBXFileReference; lastKnownFileType = audio.mp3; path = depth_2.mp3; sourceTree = "<group>"; };
		813A90D92F08EDA4005442FB /* depth_3.mp3 */ = {isa = PBXFileReference; lastKnownFileType = audio.mp3; path = depth_3.mp3; sourceTree = "<group>"; };
		813A90DA2F08EDA4005442FB /* depth_4.mp3 */ = {isa = PBXFileReference; lastKnownFileType = audio.mp3; path = depth_4.mp3; sourceTree = "<group>"; };
		813A90DB2F08EDA4005442FB /* grip_uneven_1.mp3 */ = {isa = PBXFileReference; lastKnownFileType = audio.mp3; path = grip_uneven_1.mp3; sourceTree = "<group>"; };
		813A90DC2F08EDA4005442FB /* grip_uneven_2.mp3 */ = {isa = PBXFileReference; lastKnownFileType = audio.mp3; path = grip_uneven_2.mp3; sourceTree = "<group>"; };
		813A90DD2F08EDA4005442FB /* grip_uneven_3.mp3 */ = {isa = PBXFileReference; lastKnownFileType = audio.mp3; path = grip_uneven_3.mp3; sourceTree = "<group>"; };
		813A90DE2F08EDA4005442FB /* grip_uneven_4.mp3 */ = {isa = PBXFileReference; lastKnownFileType = audio.mp3; path = grip_uneven_4.mp3; sourceTree = "<group>"; };
		813A90DF2F08EDA4005442FB /* hands_narrow_1.mp3 */ = {isa = PBXFileReference; lastKnownFileType = audio.mp3; path = hands_narrow_1.mp3; sourceTree = "<group>"; };
		813A90E02F08EDA4005442FB /* hands_narrow_2.mp3 */ = {isa = PBXFileReference; lastKnownFileType = audio.mp3; path = hands_narrow_2.mp3; sourceTree = "<group>"; };
		813A90E12F08EDA4005442FB /* hands_narrow_3.mp3 */ = {isa = PBXFileReference; lastKnownFileType = audio.mp3; path = hands_narrow_3.mp3; sourceTree = "<group>"; };
		813A90E22F08EDA4005442FB /* hands_narrow_4.mp3 */ = {isa = PBXFileReference; lastKnownFileType = audio.mp3; path = hands_narrow_4.mp3; sourceTree = "<group>"; };
		813A90E32F08EDA4005442FB /* hands_wide_1.mp3 */ = {isa = PBXFileReference; lastKnownFileType = audio.mp3; path = hands_wide_1.mp3; sourceTree = "<group>"; };
		813A90E42F08EDA4005442FB /* hands_wide_2.mp3 */ = {isa = PBXFileReference; lastKnownFileType = audio.mp3; path = hands_wide_2.mp3; sourceTree = "<group>"; };
		813A90E52F08EDA4005442FB /* hands_wide_3.mp3 */ = {isa = PBXFileReference; lastKnownFileType = audio.mp3; path = hands_wide_3.mp3; sourceTree = "<group>"; };
		813A90E62F08EDA4005442FB /* hands_wide_4.mp3 */ = {isa = PBXFileReference; lastKnownFileType = audio.mp3; path = hands_wide_4.mp3; sourceTree = "<group>"; };
		813A90E72F08EDA4005442FB /* lockout_1.mp3 */ = {isa = PBXFileReference; lastKnownFileType = audio.mp3; path = lockout_1.mp3; sourceTree = "<group>"; };
		813A90E82F08EDA4005442FB /* lockout_2.mp3 */ = {isa = PBXFileReference; lastKnownFileType = audio.mp3; path = lockout_2.mp3; sourceTree = "<group>"; };
		813A90E92F08EDA4005442FB /* lockout_3.mp3 */ = {isa = PBXFileReference; lastKnownFileType = audio.mp3; path = lockout_3.mp3; sourceTree = "<group>"; };
		813A90EA2F08EDA4005442FB /* lockout_4.mp3 */ = {isa = PBXFileReference; lastKnownFileType = audio.mp3; path = lockout_4.mp3; sourceTree = "<group>"; };
		813A90EB2F08EDA4005442FB /* positive_1.mp3 */ = {isa = PBXFileReference; lastKnownFileType = audio.mp3; path = positive_1.mp3; sourceTree = "<group>"; };
		813A90EC2F08EDA4005442FB /* positive_2.mp3 */ = {isa = PBXFileReference; lastKnownFileType = audio.mp3; path = positive_2.mp3; sourceTree = "<group>"; };
		813A90ED2F08EDA4005442FB /* positive_3.mp3 */ = {isa = PBXFileReference; lastKnownFileType = audio.mp3; path = positive_3.mp3; sourceTree = "<group>"; };
		813A90EE2F08EDA4005442FB /* positive_4.mp3 */ = {isa = PBXFileReference; lastKnownFileType = audio.mp3; path = positive_4.mp3; sourceTree = "<group>"; };
		813A90EF2F08EDA4005442FB /* positive_5.mp3 */ = {isa = PBXFileReference; lastKnownFileType = audio.mp3; path = positive_5.mp3; sourceTree = "<group>"; };
		813A90F02F08EDA4005442FB /* positive_6.mp3 */ = {isa = PBXFileReference; lastKnownFileType = audio.mp3; path = positive_6.mp3; sourceTree = "<group>"; };
		813A90F12F08EDA4005442FB /* ready.mp3 */ = {isa = PBXFileReference; lastKnownFileType = audio.mp3; path = ready.mp3; sourceTree = "<group>"; };
		813A90F22F08EDA4005442FB /* rep_1.mp3 */ = {isa = PBXFileReference; lastKnownFileType = audio.mp3; path = rep_1.mp3; sourceTree = "<group>"; };
		813A90F32F08EDA4005442FB /* rep_2.mp3 */ = {isa = PBXFileReference; lastKnownFileType = audio.mp3; path = rep_2.mp3; sourceTree = "<group>"; };
		813A90F42F08EDA4005442FB /* rep_3.mp3 */ = {isa = PBXFileReference; lastKnownFileType = audio.mp3; path = rep_3.mp3; sourceTree = "<group>"; };
		813A90F52F08EDA4005442FB /* rep_4.mp3 */ = {isa = PBXFileReference; lastKnownFileType = audio.mp3; path = rep_4.mp3; sourceTree = "<group>"; };
		813A90F62F08EDA4005442FB /* rep_5.mp3 */ = {isa = PBXFileReference; lastKnownFileType = audio.mp3; path = rep_5.mp3; sourceTree = "<group>"; };
		813A90F72F08EDA4005442FB /* rep_6.mp3 */ = {isa = PBXFileReference; lastKnownFileType = audio.mp3; path = rep_6.mp3; sourceTree = "<group>"; };
		813A90F82F08EDA4005442FB /* rep_7.mp3 */ = {isa = PBXFileReference; lastKnownFileType = audio.mp3; path = rep_7.mp3; sourceTree = "<group>"; };
		813A90F92F08EDA4005442FB /* rep_8.mp3 */ = {isa = PBXFileReference; lastKnownFileType = audio.mp3; path = rep_8.mp3; sourceTree = "<group>"; };
		813A90FA2F08EDA4005442FB /* rep_9.mp3 */ = {isa = PBXFileReference; lastKnownFileType = audio.mp3; path = rep_9.mp3; sourceTree = "<group>"; };
		813A90FB2F08EDA4005442FB /* rep_11.mp3 */ = {isa = PBXFileReference; lastKnownFileType = audio.mp3; path = rep_11.mp3; sourceTree = "<group>"; };
		813A90FC2F08EDA4005442FB /* rep_12.mp3 */ = {isa = PBXFileReference; lastKnownFileType = audio.mp3; path = rep_12.mp3; sourceTree = "<group>"; };
		813A90FD2F08EDA4005442FB /* session_reset.mp3 */ = {isa = PBXFileReference; lastKnownFileType = audio.mp3; path = session_reset.mp3; sourceTree = "<group>"; };
		81CB957C2E9C904A0080FCBC /* mAICoach.app */ = {isa = PBXFileReference; explicitFileType = wrapper.application; includeInIndex = 0; path = mAICoach.app; sourceTree = BUILT_PRODUCTS_DIR; };
		81CB95C82E9D53FD0080FCBC /* pose_landmarker_lite.task */ = {isa = PBXFileReference; lastKnownFileType = file; path = pose_landmarker_lite.task; sourceTree = "<group>"; };
		86A5464EA3C213A4106C992A /* AudioCoach.swift */ = {isa = PBXFileReference; lastKnownFileType = sourcecode.swift; name = AudioCoach.swift; path = "Resources/Swift Code/AudioCoach.swift"; sourceTree = SOURCE_ROOT; };
		B10F6EEC2FA3A2D800C1F7D1 /* demo_bench.mp4 */ = {isa = PBXFileReference; lastKnownFileType = video; path = demo_bench.mp4; sourceTree = "<group>"; };
		B10F6EEE2FA3A2E200C1F7D1 /* bench_mlp_v1_weights.json */ = {isa = PBXFileReference; lastKnownFileType = text.json; path = bench_mlp_v1_weights.json; sourceTree = "<group>"; };
		B1HEAVY2F2FA4C0000AAA555 /* pose_landmarker_heavy.task */ = {isa = PBXFileReference; lastKnownFileType = file; path = pose_landmarker_heavy.task; sourceTree = "<group>"; };
		B1NEWPIPE2FA4C111AAA555 /* DemoPlayerPipeline.swift */ = {isa = PBXFileReference; lastKnownFileType = sourcecode.swift; path = DemoPlayerPipeline.swift; sourceTree = "<group>"; };
		E36E9DDCC48592ADDAD18110 /* Pods-mAICoach.release.xcconfig */ = {isa = PBXFileReference; includeInIndex = 1; lastKnownFileType = text.xcconfig; name = "Pods-mAICoach.release.xcconfig"; path = "Target Support Files/Pods-mAICoach/Pods-mAICoach.release.xcconfig"; sourceTree = "<group>"; };
		F2CD2DD440060C0AF0078CD6 /* Pods_mAICoach.framework */ = {isa = PBXFileReference; explicitFileType = wrapper.framework; includeInIndex = 0; path = Pods_mAICoach.framework; sourceTree = BUILT_PRODUCTS_DIR; };
/* End PBXFileReference section */

/* Begin PBXFrameworksBuildPhase section */
		81CB95792E9C904A0080FCBC /* Frameworks */ = {
			isa = PBXFrameworksBuildPhase;
			buildActionMask = 2147483647;
			files = (
				3424B5C8F0A225F444807078 /* Pods_mAICoach.framework in Frameworks */,
			);
			runOnlyForDeploymentPostprocessing = 0;
		};
/* End PBXFrameworksBuildPhase section */

/* Begin PBXGroup section */
		3ED2ACFF6A2830E8BBF7C64A /* Frameworks */ = {
			isa = PBXGroup;
			children = (
				F2CD2DD440060C0AF0078CD6 /* Pods_mAICoach.framework */,
			);
			name = Frameworks;
			sourceTree = "<group>";
		};
		813188FE2ED76BD6008DA8D4 /* Swift Code */ = {
			isa = PBXGroup;
			children = (
				813188ED2ED76BD6008DA8D4 /* Assets.xcassets */,
				813188EE2ED76BD6008DA8D4 /* AuthSession.swift */,
				813188EF2ED76BD6008DA8D4 /* BenchInferenceEngine.swift */,
				813188F02ED76BD6008DA8D4 /* BenchSessionView.swift */,
				813188F12ED76BD6008DA8D4 /* BigRectButton.swift */,
				813188F22ED76BD6008DA8D4 /* BootScreen.swift */,
				813188F32ED76BD6008DA8D4 /* CameraController.swift */,
				813188F42ED76BD6008DA8D4 /* CameraPreview.swift */,
				813188F52ED76BD6008DA8D4 /* CoachView.swift */,
				B1NEWPIPE2FA4C111AAA555 /* DemoPlayerPipeline.swift */,
				813188F72ED76BD6008DA8D4 /* HomeView.swift */,
				813188F92ED76BD6008DA8D4 /* mAICoachApp.swift */,
				813188FA2ED76BD6008DA8D4 /* PoseLandmarkerService.swift */,
				813188FB2ED76BD6008DA8D4 /* PoseOverlay.swift */,
				813188FC2ED76BD6008DA8D4 /* RootView.swift */,
				813188FD2ED76BD6008DA8D4 /* SignInView.swift */,
			);
			path = "Swift Code";
			sourceTree = "<group>";
		};
		81CB95732E9C904A0080FCBC = {
			isa = PBXGroup;
			children = (
				813A90D32F08EDA4005442FB /* bar_tilted_1.mp3 */,
				813A90D42F08EDA4005442FB /* bar_tilted_2.mp3 */,
				813A90D52F08EDA4005442FB /* bar_tilted_3.mp3 */,
				813A90D62F08EDA4005442FB /* bar_tilted_4.mp3 */,
				813A90D72F08EDA4005442FB /* depth_1.mp3 */,
				813A90D82F08EDA4005442FB /* depth_2.mp3 */,
				813A90D92F08EDA4005442FB /* depth_3.mp3 */,
				813A90DA2F08EDA4005442FB /* depth_4.mp3 */,
				813A90DB2F08EDA4005442FB /* grip_uneven_1.mp3 */,
				813A90DC2F08EDA4005442FB /* grip_uneven_2.mp3 */,
				813A90DD2F08EDA4005442FB /* grip_uneven_3.mp3 */,
				813A90DE2F08EDA4005442FB /* grip_uneven_4.mp3 */,
				813A90DF2F08EDA4005442FB /* hands_narrow_1.mp3 */,
				813A90E02F08EDA4005442FB /* hands_narrow_2.mp3 */,
				813A90E12F08EDA4005442FB /* hands_narrow_3.mp3 */,
				813A90E22F08EDA4005442FB /* hands_narrow_4.mp3 */,
				813A90E32F08EDA4005442FB /* hands_wide_1.mp3 */,
				813A90E42F08EDA4005442FB /* hands_wide_2.mp3 */,
				813A90E52F08EDA4005442FB /* hands_wide_3.mp3 */,
				813A90E62F08EDA4005442FB /* hands_wide_4.mp3 */,
				813A90E72F08EDA4005442FB /* lockout_1.mp3 */,
				813A90E82F08EDA4005442FB /* lockout_2.mp3 */,
				813A90E92F08EDA4005442FB /* lockout_3.mp3 */,
				813A90EA2F08EDA4005442FB /* lockout_4.mp3 */,
				813A90EB2F08EDA4005442FB /* positive_1.mp3 */,
				813A90EC2F08EDA4005442FB /* positive_2.mp3 */,
				813A90ED2F08EDA4005442FB /* positive_3.mp3 */,
				813A90EE2F08EDA4005442FB /* positive_4.mp3 */,
				813A90EF2F08EDA4005442FB /* positive_5.mp3 */,
				813A90F02F08EDA4005442FB /* positive_6.mp3 */,
				813A90F12F08EDA4005442FB /* ready.mp3 */,
				813A90F22F08EDA4005442FB /* rep_1.mp3 */,
				813A90F32F08EDA4005442FB /* rep_2.mp3 */,
				813A90F42F08EDA4005442FB /* rep_3.mp3 */,
				813A90F52F08EDA4005442FB /* rep_4.mp3 */,
				813A90F62F08EDA4005442FB /* rep_5.mp3 */,
				813A90F72F08EDA4005442FB /* rep_6.mp3 */,
				813A90F82F08EDA4005442FB /* rep_7.mp3 */,
				813A90F92F08EDA4005442FB /* rep_8.mp3 */,
				813A90FA2F08EDA4005442FB /* rep_9.mp3 */,
				813A90FB2F08EDA4005442FB /* rep_11.mp3 */,
				813A90FC2F08EDA4005442FB /* rep_12.mp3 */,
				813A90FD2F08EDA4005442FB /* session_reset.mp3 */,
				813188EB2ED769A9008DA8D4 /* Info.plist */,
				81CB95C72E9D53D90080FCBC /* Resources */,
				81CB957D2E9C904A0080FCBC /* Products */,
				E5E17A5711B60D1EE82A126E /* Pods */,
				3ED2ACFF6A2830E8BBF7C64A /* Frameworks */,
				86A5464EA3C213A4106C992A /* AudioCoach.swift */,
			);
			sourceTree = "<group>";
		};
		81CB957D2E9C904A0080FCBC /* Products */ = {
			isa = PBXGroup;
			children = (
				81CB957C2E9C904A0080FCBC /* mAICoach.app */,
			);
			name = Products;
			sourceTree = "<group>";
		};
		81CB95C72E9D53D90080FCBC /* Resources */ = {
			isa = PBXGroup;
			children = (
				813188FE2ED76BD6008DA8D4 /* Swift Code */,
				81CB95C82E9D53FD0080FCBC /* pose_landmarker_lite.task */,
				B1HEAVY2F2FA4C0000AAA555 /* pose_landmarker_heavy.task */,
				B10F6EEC2FA3A2D800C1F7D1 /* demo_bench.mp4 */,
				B10F6EEE2FA3A2E200C1F7D1 /* bench_mlp_v1_weights.json */,
			);
			path = Resources;
			sourceTree = "<group>";
		};
		E5E17A5711B60D1EE82A126E /* Pods */ = {
			isa = PBXGroup;
			children = (
				12786BB56F7A98F3058D101D /* Pods-mAICoach.debug.xcconfig */,
				E36E9DDCC48592ADDAD18110 /* Pods-mAICoach.release.xcconfig */,
			);
			path = Pods;
			sourceTree = "<group>";
		};
/* End PBXGroup section */

/* Begin PBXNativeTarget section */
		81CB957B2E9C904A0080FCBC /* mAICoach */ = {
			isa = PBXNativeTarget;
			buildConfigurationList = 81CB95872E9C90500080FCBC /* Build configuration list for PBXNativeTarget "mAICoach" */;
			buildPhases = (
				6DBAF0A4673574E05F99F805 /* [CP] Check Pods Manifest.lock */,
				81CB95782E9C904A0080FCBC /* Sources */,
				81CB95792E9C904A0080FCBC /* Frameworks */,
				81CB957A2E9C904A0080FCBC /* Resources */,
			);
			buildRules = (
			);
			dependencies = (
			);
			name = mAICoach;
			productName = mAICoach;
			productReference = 81CB957C2E9C904A0080FCBC /* mAICoach.app */;
			productType = "com.apple.product-type.application";
		};
/* End PBXNativeTarget section */

/* Begin PBXProject section */
		81CB95742E9C904A0080FCBC /* Project object */ = {
			isa = PBXProject;
			attributes = {
				BuildIndependentTargetsInParallel = 1;
				LastSwiftUpdateCheck = 2600;
				LastUpgradeCheck = 2600;
				TargetAttributes = {
					81CB957B2E9C904A0080FCBC = {
						CreatedOnToolsVersion = 26.0.1;
					};
				};
			};
			buildConfigurationList = 81CB95772E9C904A0080FCBC /* Build configuration list for PBXProject "mAICoach" */;
			developmentRegion = en;
			hasScannedForEncodings = 0;
			knownRegions = (
				en,
				Base,
			);
			mainGroup = 81CB95732E9C904A0080FCBC;
			minimizedProjectReferenceProxies = 1;
			preferredProjectObjectVersion = 77;
			productRefGroup = 81CB957D2E9C904A0080FCBC /* Products */;
			projectDirPath = "";
			projectRoot = "";
			targets = (
				81CB957B2E9C904A0080FCBC /* mAICoach */,
			);
		};
/* End PBXProject section */

/* Begin PBXResourcesBuildPhase section */
		81CB957A2E9C904A0080FCBC /* Resources */ = {
			isa = PBXResourcesBuildPhase;
			buildActionMask = 2147483647;
			files = (
				81CB95C92E9D53FD0080FCBC /* pose_landmarker_lite.task in Resources */,
				B10F6EED2FA3A2D800C1F7D1 /* demo_bench.mp4 in Resources */,
				8131890E2ED76BD6008DA8D4 /* Assets.xcassets in Resources */,
				813A90FE2F08EDA4005442FB /* hands_narrow_3.mp3 in Resources */,
				813A90FF2F08EDA4005442FB /* hands_narrow_4.mp3 in Resources */,
				813A91002F08EDA4005442FB /* ready.mp3 in Resources */,
				813A91012F08EDA4005442FB /* bar_tilted_4.mp3 in Resources */,
				813A91022F08EDA4005442FB /* grip_uneven_2.mp3 in Resources */,
				813A91032F08EDA4005442FB /* rep_6.mp3 in Resources */,
				813A91042F08EDA4005442FB /* rep_1.mp3 in Resources */,
				813A91052F08EDA4005442FB /* rep_7.mp3 in Resources */,
				813A91062F08EDA4005442FB /* lockout_3.mp3 in Resources */,
				813A91072F08EDA4005442FB /* rep_9.mp3 in Resources */,
				813A91082F08EDA4005442FB /* rep_11.mp3 in Resources */,
				813A91092F08EDA4005442FB /* positive_1.mp3 in Resources */,
				813A910A2F08EDA4005442FB /* session_reset.mp3 in Resources */,
				813A910B2F08EDA4005442FB /* hands_wide_2.mp3 in Resources */,
				813A910C2F08EDA4005442FB /* bar_tilted_2.mp3 in Resources */,
				813A910D2F08EDA4005442FB /* depth_2.mp3 in Resources */,
				813A910E2F08EDA4005442FB /* depth_1.mp3 in Resources */,
				813A910F2F08EDA4005442FB /* grip_uneven_4.mp3 in Resources */,
				813A91102F08EDA4005442FB /* rep_5.mp3 in Resources */,
				813A91112F08EDA4005442FB /* rep_8.mp3 in Resources */,
				813A91122F08EDA4005442FB /* hands_wide_4.mp3 in Resources */,
				813A91132F08EDA4005442FB /* positive_4.mp3 in Resources */,
				813A91142F08EDA4005442FB /* positive_6.mp3 in Resources */,
				813A91152F08EDA4005442FB /* lockout_1.mp3 in Resources */,
				813A91162F08EDA4005442FB /* rep_12.mp3 in Resources */,
				813A91172F08EDA4005442FB /* lockout_2.mp3 in Resources */,
				813A91182F08EDA4005442FB /* positive_3.mp3 in Resources */,
				813A91192F08EDA4005442FB /* hands_wide_1.mp3 in Resources */,
				813A911A2F08EDA4005442FB /* bar_tilted_1.mp3 in Resources */,
				813A911B2F08EDA4005442FB /* grip_uneven_3.mp3 in Resources */,
				813A911C2F08EDA4005442FB /* grip_uneven_1.mp3 in Resources */,
				813A911D2F08EDA4005442FB /* positive_2.mp3 in Resources */,
				813A911E2F08EDA4005442FB /* rep_3.mp3 in Resources */,
				813A911F2F08EDA4005442FB /* hands_wide_3.mp3 in Resources */,
				813A91202F08EDA4005442FB /* lockout_4.mp3 in Resources */,
				813A91212F08EDA4005442FB /* positive_5.mp3 in Resources */,
				813A91222F08EDA4005442FB /* depth_4.mp3 in Resources */,
				813A91232F08EDA4005442FB /* rep_2.mp3 in Resources */,
				813A91242F08EDA4005442FB /* rep_4.mp3 in Resources */,
				813A91252F08EDA4005442FB /* hands_narrow_2.mp3 in Resources */,
				813A91262F08EDA4005442FB /* bar_tilted_3.mp3 in Resources */,
				813A91272F08EDA4005442FB /* depth_3.mp3 in Resources */,
				813A91282F08EDA4005442FB /* hands_narrow_1.mp3 in Resources */,
				B10F6EEF2FA3A2E200C1F7D1 /* bench_mlp_v1_weights.json in Resources */,
				B1HEAVY302FA4C0000AAA555 /* pose_landmarker_heavy.task in Resources */,
			);
			runOnlyForDeploymentPostprocessing = 0;
		};
/* End PBXResourcesBuildPhase section */

/* Begin PBXShellScriptBuildPhase section */
		6DBAF0A4673574E05F99F805 /* [CP] Check Pods Manifest.lock */ = {
			isa = PBXShellScriptBuildPhase;
			buildActionMask = 2147483647;
			files = (
			);
			inputFileListPaths = (
			);
			inputPaths = (
				"${PODS_PODFILE_DIR_PATH}/Podfile.lock",
				"${PODS_ROOT}/Manifest.lock",
			);
			name = "[CP] Check Pods Manifest.lock";
			outputFileListPaths = (
			);
			outputPaths = (
				"$(DERIVED_FILE_DIR)/Pods-mAICoach-checkManifestLockResult.txt",
			);
			runOnlyForDeploymentPostprocessing = 0;
			shellPath = /bin/sh;
			shellScript = "diff \"${PODS_PODFILE_DIR_PATH}/Podfile.lock\" \"${PODS_ROOT}/Manifest.lock\" > /dev/null\nif [ $? != 0 ] ; then\n    # print error to STDERR\n    echo \"error: The sandbox is not in sync with the Podfile.lock. Run 'pod install' or update your CocoaPods installation.\" >&2\n    exit 1\nfi\n# This output is used by Xcode 'outputs' to avoid re-running this script phase.\necho \"SUCCESS\" > \"${SCRIPT_OUTPUT_FILE_0}\"\n";
			showEnvVarsInLog = 0;
		};
/* End PBXShellScriptBuildPhase section */

/* Begin PBXSourcesBuildPhase section */
		81CB95782E9C904A0080FCBC /* Sources */ = {
			isa = PBXSourcesBuildPhase;
			buildActionMask = 2147483647;
			files = (
				813188FF2ED76BD6008DA8D4 /* RootView.swift in Sources */,
				813189012ED76BD6008DA8D4 /* BigRectButton.swift in Sources */,
				813189022ED76BD6008DA8D4 /* BootScreen.swift in Sources */,
				813189032ED76BD6008DA8D4 /* PoseOverlay.swift in Sources */,
				813189042ED76BD6008DA8D4 /* HomeView.swift in Sources */,
				813189052ED76BD6008DA8D4 /* BenchSessionView.swift in Sources */,
				813189062ED76BD6008DA8D4 /* mAICoachApp.swift in Sources */,
				813189072ED76BD6008DA8D4 /* BenchInferenceEngine.swift in Sources */,
				813189082ED76BD6008DA8D4 /* CoachView.swift in Sources */,
				813189092ED76BD6008DA8D4 /* SignInView.swift in Sources */,
				8131890A2ED76BD6008DA8D4 /* CameraController.swift in Sources */,
				8131890B2ED76BD6008DA8D4 /* AuthSession.swift in Sources */,
				8131890C2ED76BD6008DA8D4 /* PoseLandmarkerService.swift in Sources */,
				8131890D2ED76BD6008DA8D4 /* CameraPreview.swift in Sources */,
				B1HEAVY312FA4C0000AAA555 /* DemoPlayerPipeline.swift in Sources */,
				D465426C852A021F6EB4CE4B /* AudioCoach.swift in Sources */,
			);
			runOnlyForDeploymentPostprocessing = 0;
		};
/* End PBXSourcesBuildPhase section */

/* Begin XCBuildConfiguration section */
		81CB95852E9C90500080FCBC /* Debug */ = {
			isa = XCBuildConfiguration;
			buildSettings = {
				ALWAYS_SEARCH_USER_PATHS = NO;
				ASSETCATALOG_COMPILER_GENERATE_SWIFT_ASSET_SYMBOL_EXTENSIONS = YES;
				CLANG_ANALYZER_NONNULL = YES;
				CLANG_ANALYZER_NUMBER_OBJECT_CONVERSION = YES_AGGRESSIVE;
				CLANG_CXX_LANGUAGE_STANDARD = "gnu++20";
				CLANG_ENABLE_MODULES = YES;
				CLANG_ENABLE_OBJC_ARC = YES;
				CLANG_ENABLE_OBJC_WEAK = YES;
				CLANG_WARN_BLOCK_CAPTURE_AUTORELEASING = YES;
				CLANG_WARN_BOOL_CONVERSION = YES;
				CLANG_WARN_COMMA = YES;
				CLANG_WARN_CONSTANT_CONVERSION = YES;
				CLANG_WARN_DEPRECATED_OBJC_IMPLEMENTATIONS = YES;
				CLANG_WARN_DIRECT_OBJC_ISA_USAGE = YES_ERROR;
				CLANG_WARN_DOCUMENTATION_COMMENTS = YES;
				CLANG_WARN_EMPTY_BODY = YES;
				CLANG_WARN_ENUM_CONVERSION = YES;
				CLANG_WARN_INFINITE_RECURSION = YES;
				CLANG_WARN_INT_CONVERSION = YES;
				CLANG_WARN_NON_LITERAL_NULL_CONVERSION = YES;
				CLANG_WARN_OBJC_IMPLICIT_RETAIN_SELF = YES;
				CLANG_WARN_OBJC_LITERAL_CONVERSION = YES;
				CLANG_WARN_OBJC_ROOT_CLASS = YES_ERROR;
				CLANG_WARN_QUOTED_INCLUDE_IN_FRAMEWORK_HEADER = YES;
				CLANG_WARN_RANGE_LOOP_ANALYSIS = YES;
				CLANG_WARN_STRICT_PROTOTYPES = YES;
				CLANG_WARN_SUSPICIOUS_MOVE = YES;
				CLANG_WARN_UNGUARDED_AVAILABILITY = YES_AGGRESSIVE;
				CLANG_WARN_UNREACHABLE_CODE = YES;
				CLANG_WARN__DUPLICATE_METHOD_MATCH = YES;
				COPY_PHASE_STRIP = NO;
				DEBUG_INFORMATION_FORMAT = dwarf;
				ENABLE_STRICT_OBJC_MSGSEND = YES;
				ENABLE_TESTABILITY = YES;
				ENABLE_USER_SCRIPT_SANDBOXING = YES;
				GCC_C_LANGUAGE_STANDARD = gnu17;
				GCC_DYNAMIC_NO_PIC = NO;
				GCC_NO_COMMON_BLOCKS = YES;
				GCC_OPTIMIZATION_LEVEL = 0;
				GCC_PREPROCESSOR_DEFINITIONS = (
					"DEBUG=1",
					"$(inherited)",
				);
				GCC_WARN_64_TO_32_BIT_CONVERSION = YES;
				GCC_WARN_ABOUT_RETURN_TYPE = YES_ERROR;
				GCC_WARN_UNDECLARED_SELECTOR = YES;
				GCC_WARN_UNINITIALIZED_AUTOS = YES_AGGRESSIVE;
				GCC_WARN_UNUSED_FUNCTION = YES;
				GCC_WARN_UNUSED_VARIABLE = YES;
				IPHONEOS_DEPLOYMENT_TARGET = 26.0;
				LOCALIZATION_PREFERS_STRING_CATALOGS = YES;
				MTL_ENABLE_DEBUG_INFO = INCLUDE_SOURCE;
				MTL_FAST_MATH = YES;
				ONLY_ACTIVE_ARCH = YES;
				SDKROOT = iphoneos;
				SWIFT_ACTIVE_COMPILATION_CONDITIONS = "DEBUG $(inherited)";
				SWIFT_OPTIMIZATION_LEVEL = "-Onone";
			};
			name = Debug;
		};
		81CB95862E9C90500080FCBC /* Release */ = {
			isa = XCBuildConfiguration;
			buildSettings = {
				ALWAYS_SEARCH_USER_PATHS = NO;
				ASSETCATALOG_COMPILER_GENERATE_SWIFT_ASSET_SYMBOL_EXTENSIONS = YES;
				CLANG_ANALYZER_NONNULL = YES;
				CLANG_ANALYZER_NUMBER_OBJECT_CONVERSION = YES_AGGRESSIVE;
				CLANG_CXX_LANGUAGE_STANDARD = "gnu++20";
				CLANG_ENABLE_MODULES = YES;
				CLANG_ENABLE_OBJC_ARC = YES;
				CLANG_ENABLE_OBJC_WEAK = YES;
				CLANG_WARN_BLOCK_CAPTURE_AUTORELEASING = YES;
				CLANG_WARN_BOOL_CONVERSION = YES;
				CLANG_WARN_COMMA = YES;
				CLANG_WARN_CONSTANT_CONVERSION = YES;
				CLANG_WARN_DEPRECATED_OBJC_IMPLEMENTATIONS = YES;
				CLANG_WARN_DIRECT_OBJC_ISA_USAGE = YES_ERROR;
				CLANG_WARN_DOCUMENTATION_COMMENTS = YES;
				CLANG_WARN_EMPTY_BODY = YES;
				CLANG_WARN_ENUM_CONVERSION = YES;
				CLANG_WARN_INFINITE_RECURSION = YES;
				CLANG_WARN_INT_CONVERSION = YES;
				CLANG_WARN_NON_LITERAL_NULL_CONVERSION = YES;
				CLANG_WARN_OBJC_IMPLICIT_RETAIN_SELF = YES;
				CLANG_WARN_OBJC_LITERAL_CONVERSION = YES;
				CLANG_WARN_OBJC_ROOT_CLASS = YES_ERROR;
				CLANG_WARN_QUOTED_INCLUDE_IN_FRAMEWORK_HEADER = YES;
				CLANG_WARN_RANGE_LOOP_ANALYSIS = YES;
				CLANG_WARN_STRICT_PROTOTYPES = YES;
				CLANG_WARN_SUSPICIOUS_MOVE = YES;
				CLANG_WARN_UNGUARDED_AVAILABILITY = YES_AGGRESSIVE;
				CLANG_WARN_UNREACHABLE_CODE = YES;
				CLANG_WARN__DUPLICATE_METHOD_MATCH = YES;
				COPY_PHASE_STRIP = NO;
				DEBUG_INFORMATION_FORMAT = "dwarf-with-dsym";
				ENABLE_NS_ASSERTIONS = NO;
				ENABLE_STRICT_OBJC_MSGSEND = YES;
				ENABLE_USER_SCRIPT_SANDBOXING = YES;
				GCC_C_LANGUAGE_STANDARD = gnu17;
				GCC_NO_COMMON_BLOCKS = YES;
				GCC_WARN_64_TO_32_BIT_CONVERSION = YES;
				GCC_WARN_ABOUT_RETURN_TYPE = YES_ERROR;
				GCC_WARN_UNDECLARED_SELECTOR = YES;
				GCC_WARN_UNINITIALIZED_AUTOS = YES_AGGRESSIVE;
				GCC_WARN_UNUSED_FUNCTION = YES;
				GCC_WARN_UNUSED_VARIABLE = YES;
				IPHONEOS_DEPLOYMENT_TARGET = 26.0;
				LOCALIZATION_PREFERS_STRING_CATALOGS = YES;
				MTL_ENABLE_DEBUG_INFO = NO;
				MTL_FAST_MATH = YES;
				SDKROOT = iphoneos;
				SWIFT_COMPILATION_MODE = wholemodule;
				VALIDATE_PRODUCT = YES;
			};
			name = Release;
		};
		81CB95882E9C90500080FCBC /* Debug */ = {
			isa = XCBuildConfiguration;
			baseConfigurationReference = 12786BB56F7A98F3058D101D /* Pods-mAICoach.debug.xcconfig */;
			buildSettings = {
				ASSETCATALOG_COMPILER_APPICON_NAME = AppIcon;
				ASSETCATALOG_COMPILER_GLOBAL_ACCENT_COLOR_NAME = AccentColor;
				CODE_SIGN_STYLE = Automatic;
				CURRENT_PROJECT_VERSION = 1;
				DEVELOPMENT_TEAM = C52C8L39GC;
				ENABLE_PREVIEWS = YES;
				GENERATE_INFOPLIST_FILE = NO;
				INFOPLIST_FILE = Info.plist;
				INFOPLIST_KEY_LSApplicationCategoryType = "public.app-category.education";
				INFOPLIST_KEY_NSCameraUsageDescription = "We use the camera to analyze lifting form.";
				INFOPLIST_KEY_UIApplicationSceneManifest_Generation = YES;
				INFOPLIST_KEY_UIApplicationSupportsIndirectInputEvents = YES;
				INFOPLIST_KEY_UILaunchScreen_Generation = YES;
				INFOPLIST_KEY_UISupportedInterfaceOrientations_iPad = "UIInterfaceOrientationPortrait UIInterfaceOrientationPortraitUpsideDown UIInterfaceOrientationLandscapeLeft UIInterfaceOrientationLandscapeRight";
				INFOPLIST_KEY_UISupportedInterfaceOrientations_iPhone = "UIInterfaceOrientationPortrait UIInterfaceOrientationLandscapeLeft UIInterfaceOrientationLandscapeRight";
				IPHONEOS_DEPLOYMENT_TARGET = 17.0;
				LD_RUNPATH_SEARCH_PATHS = (
					"$(inherited)",
					"@executable_path/Frameworks",
				);
				LIBRARY_SEARCH_PATHS = "\"$(SRCROOT)/Resources/Swift Code\"";
				MARKETING_VERSION = 1.0;
				PRODUCT_BUNDLE_IDENTIFIER = com.traviswhitney.maicoach;
				PRODUCT_NAME = "$(TARGET_NAME)";
				STRING_CATALOG_GENERATE_SYMBOLS = YES;
				SWIFT_APPROACHABLE_CONCURRENCY = YES;
				SWIFT_DEFAULT_ACTOR_ISOLATION = MainActor;
				SWIFT_EMIT_LOC_STRINGS = YES;
				SWIFT_UPCOMING_FEATURE_MEMBER_IMPORT_VISIBILITY = YES;
				SWIFT_VERSION = 5.0;
				TARGETED_DEVICE_FAMILY = "1,2";
			};
			name = Debug;
		};
		81CB95892E9C90500080FCBC /* Release */ = {
			isa = XCBuildConfiguration;
			baseConfigurationReference = E36E9DDCC48592ADDAD18110 /* Pods-mAICoach.release.xcconfig */;
			buildSettings = {
				ASSETCATALOG_COMPILER_APPICON_NAME = AppIcon;
				ASSETCATALOG_COMPILER_GLOBAL_ACCENT_COLOR_NAME = AccentColor;
				CODE_SIGN_STYLE = Automatic;
				CURRENT_PROJECT_VERSION = 1;
				DEVELOPMENT_TEAM = C52C8L39GC;
				ENABLE_PREVIEWS = YES;
				GENERATE_INFOPLIST_FILE = NO;
				INFOPLIST_FILE = Info.plist;
				INFOPLIST_KEY_LSApplicationCategoryType = "public.app-category.education";
				INFOPLIST_KEY_NSCameraUsageDescription = "We use the camera to analyze lifting form.";
				INFOPLIST_KEY_UIApplicationSceneManifest_Generation = YES;
				INFOPLIST_KEY_UIApplicationSupportsIndirectInputEvents = YES;
				INFOPLIST_KEY_UILaunchScreen_Generation = YES;
				INFOPLIST_KEY_UISupportedInterfaceOrientations_iPad = "UIInterfaceOrientationPortrait UIInterfaceOrientationPortraitUpsideDown UIInterfaceOrientationLandscapeLeft UIInterfaceOrientationLandscapeRight";
				INFOPLIST_KEY_UISupportedInterfaceOrientations_iPhone = "UIInterfaceOrientationPortrait UIInterfaceOrientationLandscapeLeft UIInterfaceOrientationLandscapeRight";
				IPHONEOS_DEPLOYMENT_TARGET = 17.0;
				LD_RUNPATH_SEARCH_PATHS = (
					"$(inherited)",
					"@executable_path/Frameworks",
				);
				LIBRARY_SEARCH_PATHS = "\"$(SRCROOT)/Resources/Swift Code\"";
				MARKETING_VERSION = 1.0;
				PRODUCT_BUNDLE_IDENTIFIER = com.traviswhitney.maicoach;
				PRODUCT_NAME = "$(TARGET_NAME)";
				STRING_CATALOG_GENERATE_SYMBOLS = YES;
				SWIFT_APPROACHABLE_CONCURRENCY = YES;
				SWIFT_DEFAULT_ACTOR_ISOLATION = MainActor;
				SWIFT_EMIT_LOC_STRINGS = YES;
				SWIFT_UPCOMING_FEATURE_MEMBER_IMPORT_VISIBILITY = YES;
				SWIFT_VERSION = 5.0;
				TARGETED_DEVICE_FAMILY = "1,2";
			};
			name = Release;
		};
/* End XCBuildConfiguration section */

/* Begin XCConfigurationList section */
		81CB95772E9C904A0080FCBC /* Build configuration list for PBXProject "mAICoach" */ = {
			isa = XCConfigurationList;
			buildConfigurations = (
				81CB95852E9C90500080FCBC /* Debug */,
				81CB95862E9C90500080FCBC /* Release */,
			);
			defaultConfigurationIsVisible = 0;
			defaultConfigurationName = Release;
		};
		81CB95872E9C90500080FCBC /* Build configuration list for PBXNativeTarget "mAICoach" */ = {
			isa = XCConfigurationList;
			buildConfigurations = (
				81CB95882E9C90500080FCBC /* Debug */,
				81CB95892E9C90500080FCBC /* Release */,
			);
			defaultConfigurationIsVisible = 0;
			defaultConfigurationName = Release;
		};
/* End XCConfigurationList section */
	};
	rootObject = 81CB95742E9C904A0080FCBC /* Project object */;
}
